
Microsoft Visual Studio Solution File, Format Version 12.00
# Visual Studio Version 16
VisualStudioVersion = 16.0.30523.141
MinimumVisualStudioVersion = 10.0.40219.1
Project("{FAE04EC0-301F-11D3-BF4B-00C04F79EFBC}") = "es01 socket", "es01 socket\es01 socket.csproj", "{FA953BD8-4EFF-49C0-8164-6F6E554EF485}"
EndProject
Global
	GlobalSection(SolutionConfigurationPlatforms) = preSolution
		Debug|Any CPU = Debug|Any CPU
		Release|Any CPU = Release|Any CPU
	EndGlobalSection
	GlobalSection(ProjectConfigurationPlatforms) = postSolution
		{FA953BD8-4EFF-49C0-8164-6F6E554EF485}.Debug|Any CPU.ActiveCfg = Debug|Any CPU
		{FA953BD8-4EFF-49C0-8164-6F6E554EF485}.Debug|Any CPU.Build.0 = Debug|Any CPU
		{FA953BD8-4EFF-49C0-8164-6F6E554EF485}.Release|Any CPU.ActiveCfg = Release|Any CPU
		{FA953BD8-4EFF-49C0-8164-6F6E554EF485}.Release|Any CPU.Build.0 = Release|Any CPU
	EndGlobalSection
	GlobalSection(SolutionProperties) = preSolution
		HideSolutionNode = FALSE
	EndGlobalSection
	GlobalSection(ExtensibilityGlobals) = postSolution
		SolutionGuid = {5968FAC9-1F2E-4D4E-8404-DDC4D52A1E13}
	EndGlobalSection
EndGlobal
