
Microsoft Visual Studio Solution File, Format Version 12.00
# Visual Studio Version 16
VisualStudioVersion = 16.0.30523.141
MinimumVisualStudioVersion = 10.0.40219.1
Project("{FAE04EC0-301F-11D3-BF4B-00C04F79EFBC}") = "es04 sql", "es04 sql\es04 sql.csproj", "{AF655D98-48DC-403D-889C-BB9489585A0D}"
EndProject
Global
	GlobalSection(SolutionConfigurationPlatforms) = preSolution
		Debug|Any CPU = Debug|Any CPU
		Release|Any CPU = Release|Any CPU
	EndGlobalSection
	GlobalSection(ProjectConfigurationPlatforms) = postSolution
		{AF655D98-48DC-403D-889C-BB9489585A0D}.Debug|Any CPU.ActiveCfg = Debug|Any CPU
		{AF655D98-48DC-403D-889C-BB9489585A0D}.Debug|Any CPU.Build.0 = Debug|Any CPU
		{AF655D98-48DC-403D-889C-BB9489585A0D}.Release|Any CPU.ActiveCfg = Release|Any CPU
		{AF655D98-48DC-403D-889C-BB9489585A0D}.Release|Any CPU.Build.0 = Release|Any CPU
	EndGlobalSection
	GlobalSection(SolutionProperties) = preSolution
		HideSolutionNode = FALSE
	EndGlobalSection
	GlobalSection(ExtensibilityGlobals) = postSolution
		SolutionGuid = {176F7C1D-8B7C-4739-A423-4BFF8CC7986F}
	EndGlobalSection
EndGlobal
